# This file is automatically @generated by Poetry 1.8.1 and should not be changed by hand.

[[package]]
name = "jsonrpclib-pelix"
version = "0.4.3.2"
description = "This project is an implementation of the JSON-RPC v2.0 specification (backwards-compatible) as a client library, for Python 2.7 and Python 3. This version is a fork of jsonrpclib by Josh Marshall, made to be also usable with Pelix/iPOPO remote services."
optional = false
python-versions = "*"
files = [
    {file = "jsonrpclib-pelix-0.4.3.2.tar.gz", hash = "sha256:e9e0b33efa8fa20d817dd78dfd9e4cdb3967c8a5d3cb5a783be1ee81c4a89c7c"},
    {file = "jsonrpclib_pelix-0.4.3.2-py2.py3-none-any.whl", hash = "sha256:a9c0178317562a179e83deb27f753840fad4afe3b2bd1ee64495592ce3df1b28"},
]

[metadata]
lock-version = "2.0"
python-versions = "^3.11"
content-hash = "df4f6ca6a1f07860decbf54dd5db5c2d07b3dac51e3a284d12ad13f8d5dbd47a"
